// !$*UTF8*$!
{
	archiveVersion = 1;
	classes = {
	};
	objectVersion = 46;
	objects = {

/* Begin PBXBuildFile section */
		23EFCD761A673A7B0087DA20 /* TheNewHatness.h in Headers */ = {isa = PBXBuildFile; fileRef = 23EFCD751A673A7B0087DA20 /* TheNewHatness.h */; settings = {ATTRIBUTES = (Public, ); }; };
		23EFCD7C1A673A7B0087DA20 /* TheNewHawtness.framework in Frameworks */ = {isa = PBXBuildFile; fileRef = 23EFCD711A673A7B0087DA20 /* TheNewHawtness.framework */; };
		23EFCD831A673A7B0087DA20 /* TheNewHatnessTests.swift in Sources */ = {isa = PBXBuildFile; fileRef = 23EFCD821A673A7B0087DA20 /* TheNewHatnessTests.swift */; };
		23EFCD8A1A673ABE0087DA20 /* SecretKeeper.swift in Sources */ = {isa = PBXBuildFile; fileRef = 23EFCD651A67362F0087DA20 /* SecretKeeper.swift */; };
		23EFCD8B1A673AC20087DA20 /* TheNewHawtnessTests.swift in Sources */ = {isa = PBXBuildFile; fileRef = 23EFCD261A67325C0087DA20 /* TheNewHawtnessTests.swift */; };
/* End PBXBuildFile section */

/* Begin PBXContainerItemProxy section */
		23EFCD7D1A673A7B0087DA20 /* PBXContainerItemProxy */ = {
			isa = PBXContainerItemProxy;
			containerPortal = 23EFCD031A67325C0087DA20 /* Project object */;
			proxyType = 1;
			remoteGlobalIDString = 23EFCD701A673A7B0087DA20;
			remoteInfo = TheNewHatness;
		};
/* End PBXContainerItemProxy section */

/* Begin PBXFileReference section */
		23EFCD0F1A67325C0087DA20 /* Info.plist */ = {isa = PBXFileReference; lastKnownFileType = text.plist.xml; path = Info.plist; sourceTree = "<group>"; };
		23EFCD251A67325C0087DA20 /* Info.plist */ = {isa = PBXFileReference; lastKnownFileType = text.plist.xml; path = Info.plist; sourceTree = "<group>"; };
		23EFCD261A67325C0087DA20 /* TheNewHawtnessTests.swift */ = {isa = PBXFileReference; lastKnownFileType = sourcecode.swift; path = TheNewHawtnessTests.swift; sourceTree = "<group>"; };
		23EFCD651A67362F0087DA20 /* SecretKeeper.swift */ = {isa = PBXFileReference; fileEncoding = 4; lastKnownFileType = sourcecode.swift; path = SecretKeeper.swift; sourceTree = "<group>"; };
		23EFCD681A67374B0087DA20 /* SecretKeeper+Testing.h */ = {isa = PBXFileReference; fileEncoding = 4; lastKnownFileType = sourcecode.c.h; path = "SecretKeeper+Testing.h"; sourceTree = "<group>"; };
		23EFCD6B1A6737F30087DA20 /* TheNewHawtness_Bridging_Header.h */ = {isa = PBXFileReference; lastKnownFileType = sourcecode.c.h; path = TheNewHawtness_Bridging_Header.h; sourceTree = "<group>"; };
		23EFCD711A673A7B0087DA20 /* TheNewHawtness.framework */ = {isa = PBXFileReference; explicitFileType = wrapper.framework; includeInIndex = 0; path = TheNewHawtness.framework; sourceTree = BUILT_PRODUCTS_DIR; };
		23EFCD741A673A7B0087DA20 /* Info.plist */ = {isa = PBXFileReference; lastKnownFileType = text.plist.xml; path = Info.plist; sourceTree = "<group>"; };
		23EFCD751A673A7B0087DA20 /* TheNewHatness.h */ = {isa = PBXFileReference; lastKnownFileType = sourcecode.c.h; path = TheNewHatness.h; sourceTree = "<group>"; };
		23EFCD7B1A673A7B0087DA20 /* TheNewHatnessTests.xctest */ = {isa = PBXFileReference; explicitFileType = wrapper.cfbundle; includeInIndex = 0; path = TheNewHatnessTests.xctest; sourceTree = BUILT_PRODUCTS_DIR; };
		23EFCD811A673A7B0087DA20 /* Info.plist */ = {isa = PBXFileReference; lastKnownFileType = text.plist.xml; path = Info.plist; sourceTree = "<group>"; };
		23EFCD821A673A7B0087DA20 /* TheNewHatnessTests.swift */ = {isa = PBXFileReference; lastKnownFileType = sourcecode.swift; path = TheNewHatnessTests.swift; sourceTree = "<group>"; };
/* End PBXFileReference section */

/* Begin PBXFrameworksBuildPhase section */
		23EFCD6D1A673A7B0087DA20 /* Frameworks */ = {
			isa = PBXFrameworksBuildPhase;
			buildActionMask = 2147483647;
			files = (
			);
			runOnlyForDeploymentPostprocessing = 0;
		};
		23EFCD781A673A7B0087DA20 /* Frameworks */ = {
			isa = PBXFrameworksBuildPhase;
			buildActionMask = 2147483647;
			files = (
				23EFCD7C1A673A7B0087DA20 /* TheNewHawtness.framework in Frameworks */,
			);
			runOnlyForDeploymentPostprocessing = 0;
		};
/* End PBXFrameworksBuildPhase section */

/* Begin PBXGroup section */
		23EFCD021A67325C0087DA20 = {
			isa = PBXGroup;
			children = (
				23EFCD0D1A67325C0087DA20 /* TheNewHawtness */,
				23EFCD231A67325C0087DA20 /* TheNewHawtnessTests */,
				23EFCD721A673A7B0087DA20 /* TheNewHatness */,
				23EFCD7F1A673A7B0087DA20 /* TheNewHatnessTests */,
				23EFCD0C1A67325C0087DA20 /* Products */,
			);
			sourceTree = "<group>";
		};
		23EFCD0C1A67325C0087DA20 /* Products */ = {
			isa = PBXGroup;
			children = (
				23EFCD711A673A7B0087DA20 /* TheNewHawtness.framework */,
				23EFCD7B1A673A7B0087DA20 /* TheNewHatnessTests.xctest */,
			);
			name = Products;
			sourceTree = "<group>";
		};
		23EFCD0D1A67325C0087DA20 /* TheNewHawtness */ = {
			isa = PBXGroup;
			children = (
				23EFCD0E1A67325C0087DA20 /* Supporting Files */,
				23EFCD651A67362F0087DA20 /* SecretKeeper.swift */,
			);
			path = TheNewHawtness;
			sourceTree = "<group>";
		};
		23EFCD0E1A67325C0087DA20 /* Supporting Files */ = {
			isa = PBXGroup;
			children = (
				23EFCD0F1A67325C0087DA20 /* Info.plist */,
			);
			name = "Supporting Files";
			sourceTree = "<group>";
		};
		23EFCD231A67325C0087DA20 /* TheNewHawtnessTests */ = {
			isa = PBXGroup;
			children = (
				23EFCD261A67325C0087DA20 /* TheNewHawtnessTests.swift */,
				23EFCD241A67325C0087DA20 /* Supporting Files */,
				23EFCD681A67374B0087DA20 /* SecretKeeper+Testing.h */,
			);
			path = TheNewHawtnessTests;
			sourceTree = "<group>";
		};
		23EFCD241A67325C0087DA20 /* Supporting Files */ = {
			isa = PBXGroup;
			children = (
				23EFCD6B1A6737F30087DA20 /* TheNewHawtness_Bridging_Header.h */,
				23EFCD251A67325C0087DA20 /* Info.plist */,
			);
			name = "Supporting Files";
			sourceTree = "<group>";
		};
		23EFCD721A673A7B0087DA20 /* TheNewHatness */ = {
			isa = PBXGroup;
			children = (
				23EFCD751A673A7B0087DA20 /* TheNewHatness.h */,
				23EFCD731A673A7B0087DA20 /* Supporting Files */,
			);
			path = TheNewHatness;
			sourceTree = "<group>";
		};
		23EFCD731A673A7B0087DA20 /* Supporting Files */ = {
			isa = PBXGroup;
			children = (
				23EFCD741A673A7B0087DA20 /* Info.plist */,
			);
			name = "Supporting Files";
			sourceTree = "<group>";
		};
		23EFCD7F1A673A7B0087DA20 /* TheNewHatnessTests */ = {
			isa = PBXGroup;
			children = (
				23EFCD821A673A7B0087DA20 /* TheNewHatnessTests.swift */,
				23EFCD801A673A7B0087DA20 /* Supporting Files */,
			);
			path = TheNewHatnessTests;
			sourceTree = "<group>";
		};
		23EFCD801A673A7B0087DA20 /* Supporting Files */ = {
			isa = PBXGroup;
			children = (
				23EFCD811A673A7B0087DA20 /* Info.plist */,
			);
			name = "Supporting Files";
			sourceTree = "<group>";
		};
/* End PBXGroup section */

/* Begin PBXHeadersBuildPhase section */
		23EFCD6E1A673A7B0087DA20 /* Headers */ = {
			isa = PBXHeadersBuildPhase;
			buildActionMask = 2147483647;
			files = (
				23EFCD761A673A7B0087DA20 /* TheNewHatness.h in Headers */,
			);
			runOnlyForDeploymentPostprocessing = 0;
		};
/* End PBXHeadersBuildPhase section */

/* Begin PBXNativeTarget section */
		23EFCD701A673A7B0087DA20 /* TheNewHawtness */ = {
			isa = PBXNativeTarget;
			buildConfigurationList = 23EFCD841A673A7B0087DA20 /* Build configuration list for PBXNativeTarget "TheNewHawtness" */;
			buildPhases = (
				23EFCD6C1A673A7B0087DA20 /* Sources */,
				23EFCD6D1A673A7B0087DA20 /* Frameworks */,
				23EFCD6E1A673A7B0087DA20 /* Headers */,
				23EFCD6F1A673A7B0087DA20 /* Resources */,
			);
			buildRules = (
			);
			dependencies = (
			);
			name = TheNewHawtness;
			productName = TheNewHatness;
			productReference = 23EFCD711A673A7B0087DA20 /* TheNewHawtness.framework */;
			productType = "com.apple.product-type.framework";
		};
		23EFCD7A1A673A7B0087DA20 /* TheNewHawtnessTests */ = {
			isa = PBXNativeTarget;
			buildConfigurationList = 23EFCD871A673A7B0087DA20 /* Build configuration list for PBXNativeTarget "TheNewHawtnessTests" */;
			buildPhases = (
				23EFCD771A673A7B0087DA20 /* Sources */,
				23EFCD781A673A7B0087DA20 /* Frameworks */,
				23EFCD791A673A7B0087DA20 /* Resources */,
			);
			buildRules = (
			);
			dependencies = (
				23EFCD7E1A673A7B0087DA20 /* PBXTargetDependency */,
			);
			name = TheNewHawtnessTests;
			productName = TheNewHatnessTests;
			productReference = 23EFCD7B1A673A7B0087DA20 /* TheNewHatnessTests.xctest */;
			productType = "com.apple.product-type.bundle.unit-test";
		};
/* End PBXNativeTarget section */

/* Begin PBXProject section */
		23EFCD031A67325C0087DA20 /* Project object */ = {
			isa = PBXProject;
			attributes = {
				LastUpgradeCheck = 0620;
				ORGANIZATIONNAME = "Saul Mora";
				TargetAttributes = {
					23EFCD701A673A7B0087DA20 = {
						CreatedOnToolsVersion = 6.2;
					};
					23EFCD7A1A673A7B0087DA20 = {
						CreatedOnToolsVersion = 6.2;
					};
				};
			};
			buildConfigurationList = 23EFCD061A67325C0087DA20 /* Build configuration list for PBXProject "TheNewHawtness" */;
			compatibilityVersion = "Xcode 3.2";
			developmentRegion = English;
			hasScannedForEncodings = 0;
			knownRegions = (
				en,
				Base,
			);
			mainGroup = 23EFCD021A67325C0087DA20;
			productRefGroup = 23EFCD0C1A67325C0087DA20 /* Products */;
			projectDirPath = "";
			projectRoot = "";
			targets = (
				23EFCD701A673A7B0087DA20 /* TheNewHawtness */,
				23EFCD7A1A673A7B0087DA20 /* TheNewHawtnessTests */,
			);
		};
/* End PBXProject section */

/* Begin PBXResourcesBuildPhase section */
		23EFCD6F1A673A7B0087DA20 /* Resources */ = {
			isa = PBXResourcesBuildPhase;
			buildActionMask = 2147483647;
			files = (
			);
			runOnlyForDeploymentPostprocessing = 0;
		};
		23EFCD791A673A7B0087DA20 /* Resources */ = {
			isa = PBXResourcesBuildPhase;
			buildActionMask = 2147483647;
			files = (
			);
			runOnlyForDeploymentPostprocessing = 0;
		};
/* End PBXResourcesBuildPhase section */

/* Begin PBXSourcesBuildPhase section */
		23EFCD6C1A673A7B0087DA20 /* Sources */ = {
			isa = PBXSourcesBuildPhase;
			buildActionMask = 2147483647;
			files = (
				23EFCD8A1A673ABE0087DA20 /* SecretKeeper.swift in Sources */,
			);
			runOnlyForDeploymentPostprocessing = 0;
		};
		23EFCD771A673A7B0087DA20 /* Sources */ = {
			isa = PBXSourcesBuildPhase;
			buildActionMask = 2147483647;
			files = (
				23EFCD831A673A7B0087DA20 /* TheNewHatnessTests.swift in Sources */,
				23EFCD8B1A673AC20087DA20 /* TheNewHawtnessTests.swift in Sources */,
			);
			runOnlyForDeploymentPostprocessing = 0;
		};
/* End PBXSourcesBuildPhase section */

/* Begin PBXTargetDependency section */
		23EFCD7E1A673A7B0087DA20 /* PBXTargetDependency */ = {
			isa = PBXTargetDependency;
			target = 23EFCD701A673A7B0087DA20 /* TheNewHawtness */;
			targetProxy = 23EFCD7D1A673A7B0087DA20 /* PBXContainerItemProxy */;
		};
/* End PBXTargetDependency section */

/* Begin XCBuildConfiguration section */
		23EFCD281A67325C0087DA20 /* Debug */ = {
			isa = XCBuildConfiguration;
			buildSettings = {
				ALWAYS_SEARCH_USER_PATHS = NO;
				CLANG_CXX_LANGUAGE_STANDARD = "gnu++0x";
				CLANG_CXX_LIBRARY = "libc++";
				CLANG_ENABLE_MODULES = YES;
				CLANG_ENABLE_OBJC_ARC = YES;
				CLANG_WARN_BOOL_CONVERSION = YES;
				CLANG_WARN_CONSTANT_CONVERSION = YES;
				CLANG_WARN_DIRECT_OBJC_ISA_USAGE = YES_ERROR;
				CLANG_WARN_EMPTY_BODY = YES;
				CLANG_WARN_ENUM_CONVERSION = YES;
				CLANG_WARN_INT_CONVERSION = YES;
				CLANG_WARN_OBJC_ROOT_CLASS = YES_ERROR;
				CLANG_WARN_UNREACHABLE_CODE = YES;
				CLANG_WARN__DUPLICATE_METHOD_MATCH = YES;
				"CODE_SIGN_IDENTITY[sdk=iphoneos*]" = "iPhone Developer";
				COPY_PHASE_STRIP = NO;
				ENABLE_STRICT_OBJC_MSGSEND = YES;
				GCC_C_LANGUAGE_STANDARD = gnu99;
				GCC_DYNAMIC_NO_PIC = NO;
				GCC_OPTIMIZATION_LEVEL = 0;
				GCC_PREPROCESSOR_DEFINITIONS = (
					"DEBUG=1",
					"$(inherited)",
				);
				GCC_SYMBOLS_PRIVATE_EXTERN = NO;
				GCC_WARN_64_TO_32_BIT_CONVERSION = YES;
				GCC_WARN_ABOUT_RETURN_TYPE = YES_ERROR;
				GCC_WARN_UNDECLARED_SELECTOR = YES;
				GCC_WARN_UNINITIALIZED_AUTOS = YES_AGGRESSIVE;
				GCC_WARN_UNUSED_FUNCTION = YES;
				GCC_WARN_UNUSED_VARIABLE = YES;
				IPHONEOS_DEPLOYMENT_TARGET = 8.2;
				MTL_ENABLE_DEBUG_INFO = YES;
				ONLY_ACTIVE_ARCH = YES;
				SDKROOT = iphoneos;
				SWIFT_OPTIMIZATION_LEVEL = "-Onone";
				TARGETED_DEVICE_FAMILY = "1,2";
			};
			name = Debug;
		};
		23EFCD291A67325C0087DA20 /* Release */ = {
			isa = XCBuildConfiguration;
			buildSettings = {
				ALWAYS_SEARCH_USER_PATHS = NO;
				CLANG_CXX_LANGUAGE_STANDARD = "gnu++0x";
				CLANG_CXX_LIBRARY = "libc++";
				CLANG_ENABLE_MODULES = YES;
				CLANG_ENABLE_OBJC_ARC = YES;
				CLANG_WARN_BOOL_CONVERSION = YES;
				CLANG_WARN_CONSTANT_CONVERSION = YES;
				CLANG_WARN_DIRECT_OBJC_ISA_USAGE = YES_ERROR;
				CLANG_WARN_EMPTY_BODY = YES;
				CLANG_WARN_ENUM_CONVERSION = YES;
				CLANG_WARN_INT_CONVERSION = YES;
				CLANG_WARN_OBJC_ROOT_CLASS = YES_ERROR;
				CLANG_WARN_UNREACHABLE_CODE = YES;
				CLANG_WARN__DUPLICATE_METHOD_MATCH = YES;
				"CODE_SIGN_IDENTITY[sdk=iphoneos*]" = "iPhone Developer";
				COPY_PHASE_STRIP = NO;
				ENABLE_NS_ASSERTIONS = NO;
				ENABLE_STRICT_OBJC_MSGSEND = YES;
				GCC_C_LANGUAGE_STANDARD = gnu99;
				GCC_WARN_64_TO_32_BIT_CONVERSION = YES;
				GCC_WARN_ABOUT_RETURN_TYPE = YES_ERROR;
				GCC_WARN_UNDECLARED_SELECTOR = YES;
				GCC_WARN_UNINITIALIZED_AUTOS = YES_AGGRESSIVE;
				GCC_WARN_UNUSED_FUNCTION = YES;
				GCC_WARN_UNUSED_VARIABLE = YES;
				IPHONEOS_DEPLOYMENT_TARGET = 8.2;
				MTL_ENABLE_DEBUG_INFO = NO;
				SDKROOT = iphoneos;
				TARGETED_DEVICE_FAMILY = "1,2";
				VALIDATE_PRODUCT = YES;
			};
			name = Release;
		};
		23EFCD851A673A7B0087DA20 /* Debug */ = {
			isa = XCBuildConfiguration;
			buildSettings = {
				CURRENT_PROJECT_VERSION = 1;
				DEFINES_MODULE = YES;
				DYLIB_COMPATIBILITY_VERSION = 1;
				DYLIB_CURRENT_VERSION = 1;
				DYLIB_INSTALL_NAME_BASE = "@rpath";
				GCC_PREPROCESSOR_DEFINITIONS = (
					"DEBUG=1",
					"$(inherited)",
				);
				INFOPLIST_FILE = TheNewHatness/Info.plist;
				INSTALL_PATH = "$(LOCAL_LIBRARY_DIR)/Frameworks";
				LD_RUNPATH_SEARCH_PATHS = "$(inherited) @executable_path/Frameworks @loader_path/Frameworks";
				PRODUCT_NAME = "$(TARGET_NAME)";
				SKIP_INSTALL = YES;
				VERSIONING_SYSTEM = "apple-generic";
				VERSION_INFO_PREFIX = "";
			};
			name = Debug;
		};
		23EFCD861A673A7B0087DA20 /* Release */ = {
			isa = XCBuildConfiguration;
			buildSettings = {
				CURRENT_PROJECT_VERSION = 1;
				DEFINES_MODULE = YES;
				DYLIB_COMPATIBILITY_VERSION = 1;
				DYLIB_CURRENT_VERSION = 1;
				DYLIB_INSTALL_NAME_BASE = "@rpath";
				INFOPLIST_FILE = TheNewHatness/Info.plist;
				INSTALL_PATH = "$(LOCAL_LIBRARY_DIR)/Frameworks";
				LD_RUNPATH_SEARCH_PATHS = "$(inherited) @executable_path/Frameworks @loader_path/Frameworks";
				PRODUCT_NAME = "$(TARGET_NAME)";
				SKIP_INSTALL = YES;
				VERSIONING_SYSTEM = "apple-generic";
				VERSION_INFO_PREFIX = "";
			};
			name = Release;
		};
		23EFCD881A673A7B0087DA20 /* Debug */ = {
			isa = XCBuildConfiguration;
			buildSettings = {
				FRAMEWORK_SEARCH_PATHS = (
					"$(SDKROOT)/Developer/Library/Frameworks",
					"$(inherited)",
				);
				GCC_PREPROCESSOR_DEFINITIONS = (
					"DEBUG=1",
					"$(inherited)",
				);
				INFOPLIST_FILE = TheNewHatnessTests/Info.plist;
				LD_RUNPATH_SEARCH_PATHS = "$(inherited) @executable_path/Frameworks @loader_path/Frameworks";
				PRODUCT_NAME = "$(TARGET_NAME)";
				SWIFT_OBJC_BRIDGING_HEADER = TheNewHawtnessTests/TheNewHawtness_Bridging_Header.h;
			};
			name = Debug;
		};
		23EFCD891A673A7B0087DA20 /* Release */ = {
			isa = XCBuildConfiguration;
			buildSettings = {
				FRAMEWORK_SEARCH_PATHS = (
					"$(SDKROOT)/Developer/Library/Frameworks",
					"$(inherited)",
				);
				INFOPLIST_FILE = TheNewHatnessTests/Info.plist;
				LD_RUNPATH_SEARCH_PATHS = "$(inherited) @executable_path/Frameworks @loader_path/Frameworks";
				PRODUCT_NAME = "$(TARGET_NAME)";
				SWIFT_OBJC_BRIDGING_HEADER = TheNewHawtnessTests/TheNewHawtness_Bridging_Header.h;
			};
			name = Release;
		};
/* End XCBuildConfiguration section */

/* Begin XCConfigurationList section */
		23EFCD061A67325C0087DA20 /* Build configuration list for PBXProject "TheNewHawtness" */ = {
			isa = XCConfigurationList;
			buildConfigurations = (
				23EFCD281A67325C0087DA20 /* Debug */,
				23EFCD291A67325C0087DA20 /* Release */,
			);
			defaultConfigurationIsVisible = 0;
			defaultConfigurationName = Release;
		};
		23EFCD841A673A7B0087DA20 /* Build configuration list for PBXNativeTarget "TheNewHawtness" */ = {
			isa = XCConfigurationList;
			buildConfigurations = (
				23EFCD851A673A7B0087DA20 /* Debug */,
				23EFCD861A673A7B0087DA20 /* Release */,
			);
			defaultConfigurationIsVisible = 0;
		};
		23EFCD871A673A7B0087DA20 /* Build configuration list for PBXNativeTarget "TheNewHawtnessTests" */ = {
			isa = XCConfigurationList;
			buildConfigurations = (
				23EFCD881A673A7B0087DA20 /* Debug */,
				23EFCD891A673A7B0087DA20 /* Release */,
			);
			defaultConfigurationIsVisible = 0;
		};
/* End XCConfigurationList section */
	};
	rootObject = 23EFCD031A67325C0087DA20 /* Project object */;
}
